
Microsoft Visual Studio Solution File, Format Version 12.00
Project("{FAE04EC0-301F-11D3-BF4B-00C04F79EFBC}") = "HTMLtoPDF", "HTMLtoPDF.csproj", "{7C2C8FF8-C044-493D-A6C3-3695D2D5686E}"
EndProject
Global
	GlobalSection(SolutionConfigurationPlatforms) = preSolution
		Debug|Any CPU = Debug|Any CPU
		Release|Any CPU = Release|Any CPU
	EndGlobalSection
	GlobalSection(ProjectConfigurationPlatforms) = postSolution
		{7C2C8FF8-C044-493D-A6C3-3695D2D5686E}.Debug|Any CPU.ActiveCfg = Debug|Any CPU
		{7C2C8FF8-C044-493D-A6C3-3695D2D5686E}.Debug|Any CPU.Build.0 = Debug|Any CPU
		{7C2C8FF8-C044-493D-A6C3-3695D2D5686E}.Release|Any CPU.ActiveCfg = Release|Any CPU
		{7C2C8FF8-C044-493D-A6C3-3695D2D5686E}.Release|Any CPU.Build.0 = Release|Any CPU
	EndGlobalSection
EndGlobal
